
Microsoft Visual Studio Solution File, Format Version 12.00
# Visual Studio Version 17
VisualStudioVersion = 17.0.31903.59
MinimumVisualStudioVersion = 10.0.40219.1
Project("{2150E333-8FDC-42A3-9474-1A3956D46DE8}") = "src", "src", "{827E0CD3-B72D-47B6-A68D-7590B98EB39B}"
EndProject
Project("{FAE04EC0-301F-11D3-BF4B-00C04F79EFBC}") = "Bookshelf.Domain", "src\Bookshelf.Domain\Bookshelf.Domain.csproj", "{ED4714E4-DC57-426C-BBB8-ED38A0F114EE}"
EndProject
Project("{FAE04EC0-301F-11D3-BF4B-00C04F79EFBC}") = "Bookshelf.Shared", "src\Bookshelf.Shared\Bookshelf.Shared.csproj", "{A1B55B88-AB1C-4A88-9B01-16B2A3E08552}"
EndProject
Project("{FAE04EC0-301F-11D3-BF4B-00C04F79EFBC}") = "Bookshelf.Infrastructure", "src\Bookshelf.Infrastructure\Bookshelf.Infrastructure.csproj", "{81CFBB3A-EA69-4027-8E13-41534EC13F1B}"
EndProject
Project("{FAE04EC0-301F-11D3-BF4B-00C04F79EFBC}") = "Bookshelf.Api", "src\Bookshelf.Api\Bookshelf.Api.csproj", "{6EA55449-2164-4BFF-A43A-A306E3FF31A7}"
EndProject
Project("{FAE04EC0-301F-11D3-BF4B-00C04F79EFBC}") = "Bookshelf.App", "src\Bookshelf.App\Bookshelf.App.csproj", "{85C56D9B-0B95-470D-9F14-37178D29BE46}"
EndProject
Project("{2150E333-8FDC-42A3-9474-1A3956D46DE8}") = "tests", "tests", "{0AB3BF05-4346-4AA6-1389-037BE0695223}"
EndProject
Project("{FAE04EC0-301F-11D3-BF4B-00C04F79EFBC}") = "Bookshelf.Domain.Tests", "tests\Bookshelf.Domain.Tests\Bookshelf.Domain.Tests.csproj", "{950B680C-9668-45AA-89C3-21F4FCBE66BA}"
EndProject
Project("{FAE04EC0-301F-11D3-BF4B-00C04F79EFBC}") = "Bookshelf.Infrastructure.Tests", "tests\Bookshelf.Infrastructure.Tests\Bookshelf.Infrastructure.Tests.csproj", "{094C7273-F3F0-449E-A920-8047D286BDA9}"
EndProject
Project("{FAE04EC0-301F-11D3-BF4B-00C04F79EFBC}") = "Bookshelf.Api.Tests", "tests\Bookshelf.Api.Tests\Bookshelf.Api.Tests.csproj", "{A36F3AA2-69E9-487B-AB73-DB9367CE1AD9}"
EndProject
Project("{FAE04EC0-301F-11D3-BF4B-00C04F79EFBC}") = "Bookshelf.Shared.UI", "src\Bookshelf.Shared.UI\Bookshelf.Shared.UI.csproj", "{6E8617C4-720C-473F-92CF-57530D5238AB}"
EndProject
Project("{FAE04EC0-301F-11D3-BF4B-00C04F79EFBC}") = "Bookshelf.Web", "src\Bookshelf.Web\Bookshelf.Web.csproj", "{EA9755F3-A4CE-41F5-87F1-87B7097F12B7}"
EndProject
Global
	GlobalSection(SolutionConfigurationPlatforms) = preSolution
		Debug|Any CPU = Debug|Any CPU
		Debug|x64 = Debug|x64
		Debug|x86 = Debug|x86
		Release|Any CPU = Release|Any CPU
		Release|x64 = Release|x64
		Release|x86 = Release|x86
	EndGlobalSection
	GlobalSection(ProjectConfigurationPlatforms) = postSolution
		{ED4714E4-DC57-426C-BBB8-ED38A0F114EE}.Debug|Any CPU.ActiveCfg = Debug|Any CPU
		{ED4714E4-DC57-426C-BBB8-ED38A0F114EE}.Debug|Any CPU.Build.0 = Debug|Any CPU
		{ED4714E4-DC57-426C-BBB8-ED38A0F114EE}.Debug|x64.ActiveCfg = Debug|Any CPU
		{ED4714E4-DC57-426C-BBB8-ED38A0F114EE}.Debug|x64.Build.0 = Debug|Any CPU
		{ED4714E4-DC57-426C-BBB8-ED38A0F114EE}.Debug|x86.ActiveCfg = Debug|Any CPU
		{ED4714E4-DC57-426C-BBB8-ED38A0F114EE}.Debug|x86.Build.0 = Debug|Any CPU
		{ED4714E4-DC57-426C-BBB8-ED38A0F114EE}.Release|Any CPU.ActiveCfg = Release|Any CPU
		{ED4714E4-DC57-426C-BBB8-ED38A0F114EE}.Release|Any CPU.Build.0 = Release|Any CPU
		{ED4714E4-DC57-426C-BBB8-ED38A0F114EE}.Release|x64.ActiveCfg = Release|Any CPU
		{ED4714E4-DC57-426C-BBB8-ED38A0F114EE}.Release|x64.Build.0 = Release|Any CPU
		{ED4714E4-DC57-426C-BBB8-ED38A0F114EE}.Release|x86.ActiveCfg = Release|Any CPU
		{ED4714E4-DC57-426C-BBB8-ED38A0F114EE}.Release|x86.Build.0 = Release|Any CPU
		{A1B55B88-AB1C-4A88-9B01-16B2A3E08552}.Debug|Any CPU.ActiveCfg = Debug|Any CPU
		{A1B55B88-AB1C-4A88-9B01-16B2A3E08552}.Debug|Any CPU.Build.0 = Debug|Any CPU
		{A1B55B88-AB1C-4A88-9B01-16B2A3E08552}.Debug|x64.ActiveCfg = Debug|Any CPU
		{A1B55B88-AB1C-4A88-9B01-16B2A3E08552}.Debug|x64.Build.0 = Debug|Any CPU
		{A1B55B88-AB1C-4A88-9B01-16B2A3E08552}.Debug|x86.ActiveCfg = Debug|Any CPU
		{A1B55B88-AB1C-4A88-9B01-16B2A3E08552}.Debug|x86.Build.0 = Debug|Any CPU
		{A1B55B88-AB1C-4A88-9B01-16B2A3E08552}.Release|Any CPU.ActiveCfg = Release|Any CPU
		{A1B55B88-AB1C-4A88-9B01-16B2A3E08552}.Release|Any CPU.Build.0 = Release|Any CPU
		{A1B55B88-AB1C-4A88-9B01-16B2A3E08552}.Release|x64.ActiveCfg = Release|Any CPU
		{A1B55B88-AB1C-4A88-9B01-16B2A3E08552}.Release|x64.Build.0 = Release|Any CPU
		{A1B55B88-AB1C-4A88-9B01-16B2A3E08552}.Release|x86.ActiveCfg = Release|Any CPU
		{A1B55B88-AB1C-4A88-9B01-16B2A3E08552}.Release|x86.Build.0 = Release|Any CPU
		{81CFBB3A-EA69-4027-8E13-41534EC13F1B}.Debug|Any CPU.ActiveCfg = Debug|Any CPU
		{81CFBB3A-EA69-4027-8E13-41534EC13F1B}.Debug|Any CPU.Build.0 = Debug|Any CPU
		{81CFBB3A-EA69-4027-8E13-41534EC13F1B}.Debug|x64.ActiveCfg = Debug|Any CPU
		{81CFBB3A-EA69-4027-8E13-41534EC13F1B}.Debug|x64.Build.0 = Debug|Any CPU
		{81CFBB3A-EA69-4027-8E13-41534EC13F1B}.Debug|x86.ActiveCfg = Debug|Any CPU
		{81CFBB3A-EA69-4027-8E13-41534EC13F1B}.Debug|x86.Build.0 = Debug|Any CPU
		{81CFBB3A-EA69-4027-8E13-41534EC13F1B}.Release|Any CPU.ActiveCfg = Release|Any CPU
		{81CFBB3A-EA69-4027-8E13-41534EC13F1B}.Release|Any CPU.Build.0 = Release|Any CPU
		{81CFBB3A-EA69-4027-8E13-41534EC13F1B}.Release|x64.ActiveCfg = Release|Any CPU
		{81CFBB3A-EA69-4027-8E13-41534EC13F1B}.Release|x64.Build.0 = Release|Any CPU
		{81CFBB3A-EA69-4027-8E13-41534EC13F1B}.Release|x86.ActiveCfg = Release|Any CPU
		{81CFBB3A-EA69-4027-8E13-41534EC13F1B}.Release|x86.Build.0 = Release|Any CPU
		{6EA55449-2164-4BFF-A43A-A306E3FF31A7}.Debug|Any CPU.ActiveCfg = Debug|Any CPU
		{6EA55449-2164-4BFF-A43A-A306E3FF31A7}.Debug|Any CPU.Build.0 = Debug|Any CPU
		{6EA55449-2164-4BFF-A43A-A306E3FF31A7}.Debug|x64.ActiveCfg = Debug|Any CPU
		{6EA55449-2164-4BFF-A43A-A306E3FF31A7}.Debug|x64.Build.0 = Debug|Any CPU
		{6EA55449-2164-4BFF-A43A-A306E3FF31A7}.Debug|x86.ActiveCfg = Debug|Any CPU
		{6EA55449-2164-4BFF-A43A-A306E3FF31A7}.Debug|x86.Build.0 = Debug|Any CPU
		{6EA55449-2164-4BFF-A43A-A306E3FF31A7}.Release|Any CPU.ActiveCfg = Release|Any CPU
		{6EA55449-2164-4BFF-A43A-A306E3FF31A7}.Release|Any CPU.Build.0 = Release|Any CPU
		{6EA55449-2164-4BFF-A43A-A306E3FF31A7}.Release|x64.ActiveCfg = Release|Any CPU
		{6EA55449-2164-4BFF-A43A-A306E3FF31A7}.Release|x64.Build.0 = Release|Any CPU
		{6EA55449-2164-4BFF-A43A-A306E3FF31A7}.Release|x86.ActiveCfg = Release|Any CPU
		{6EA55449-2164-4BFF-A43A-A306E3FF31A7}.Release|x86.Build.0 = Release|Any CPU
		{85C56D9B-0B95-470D-9F14-37178D29BE46}.Debug|Any CPU.ActiveCfg = Debug|Any CPU
		{85C56D9B-0B95-470D-9F14-37178D29BE46}.Debug|Any CPU.Build.0 = Debug|Any CPU
		{85C56D9B-0B95-470D-9F14-37178D29BE46}.Debug|x64.ActiveCfg = Debug|Any CPU
		{85C56D9B-0B95-470D-9F14-37178D29BE46}.Debug|x64.Build.0 = Debug|Any CPU
		{85C56D9B-0B95-470D-9F14-37178D29BE46}.Debug|x86.ActiveCfg = Debug|Any CPU
		{85C56D9B-0B95-470D-9F14-37178D29BE46}.Debug|x86.Build.0 = Debug|Any CPU
		{85C56D9B-0B95-470D-9F14-37178D29BE46}.Release|Any CPU.ActiveCfg = Release|Any CPU
		{85C56D9B-0B95-470D-9F14-37178D29BE46}.Release|Any CPU.Build.0 = Release|Any CPU
		{85C56D9B-0B95-470D-9F14-37178D29BE46}.Release|x64.ActiveCfg = Release|Any CPU
		{85C56D9B-0B95-470D-9F14-37178D29BE46}.Release|x64.Build.0 = Release|Any CPU
		{85C56D9B-0B95-470D-9F14-37178D29BE46}.Release|x86.ActiveCfg = Release|Any CPU
		{85C56D9B-0B95-470D-9F14-37178D29BE46}.Release|x86.Build.0 = Release|Any CPU
		{950B680C-9668-45AA-89C3-21F4FCBE66BA}.Debug|Any CPU.ActiveCfg = Debug|Any CPU
		{950B680C-9668-45AA-89C3-21F4FCBE66BA}.Debug|Any CPU.Build.0 = Debug|Any CPU
		{950B680C-9668-45AA-89C3-21F4FCBE66BA}.Debug|x64.ActiveCfg = Debug|Any CPU
		{950B680C-9668-45AA-89C3-21F4FCBE66BA}.Debug|x64.Build.0 = Debug|Any CPU
		{950B680C-9668-45AA-89C3-21F4FCBE66BA}.Debug|x86.ActiveCfg = Debug|Any CPU
		{950B680C-9668-45AA-89C3-21F4FCBE66BA}.Debug|x86.Build.0 = Debug|Any CPU
		{950B680C-9668-45AA-89C3-21F4FCBE66BA}.Release|Any CPU.ActiveCfg = Release|Any CPU
		{950B680C-9668-45AA-89C3-21F4FCBE66BA}.Release|Any CPU.Build.0 = Release|Any CPU
		{950B680C-9668-45AA-89C3-21F4FCBE66BA}.Release|x64.ActiveCfg = Release|Any CPU
		{950B680C-9668-45AA-89C3-21F4FCBE66BA}.Release|x64.Build.0 = Release|Any CPU
		{950B680C-9668-45AA-89C3-21F4FCBE66BA}.Release|x86.ActiveCfg = Release|Any CPU
		{950B680C-9668-45AA-89C3-21F4FCBE66BA}.Release|x86.Build.0 = Release|Any CPU
		{094C7273-F3F0-449E-A920-8047D286BDA9}.Debug|Any CPU.ActiveCfg = Debug|Any CPU
		{094C7273-F3F0-449E-A920-8047D286BDA9}.Debug|Any CPU.Build.0 = Debug|Any CPU
		{094C7273-F3F0-449E-A920-8047D286BDA9}.Debug|x64.ActiveCfg = Debug|Any CPU
		{094C7273-F3F0-449E-A920-8047D286BDA9}.Debug|x64.Build.0 = Debug|Any CPU
		{094C7273-F3F0-449E-A920-8047D286BDA9}.Debug|x86.ActiveCfg = Debug|Any CPU
		{094C7273-F3F0-449E-A920-8047D286BDA9}.Debug|x86.Build.0 = Debug|Any CPU
		{094C7273-F3F0-449E-A920-8047D286BDA9}.Release|Any CPU.ActiveCfg = Release|Any CPU
		{094C7273-F3F0-449E-A920-8047D286BDA9}.Release|Any CPU.Build.0 = Release|Any CPU
		{094C7273-F3F0-449E-A920-8047D286BDA9}.Release|x64.ActiveCfg = Release|Any CPU
		{094C7273-F3F0-449E-A920-8047D286BDA9}.Release|x64.Build.0 = Release|Any CPU
		{094C7273-F3F0-449E-A920-8047D286BDA9}.Release|x86.ActiveCfg = Release|Any CPU
		{094C7273-F3F0-449E-A920-8047D286BDA9}.Release|x86.Build.0 = Release|Any CPU
		{A36F3AA2-69E9-487B-AB73-DB9367CE1AD9}.Debug|Any CPU.ActiveCfg = Debug|Any CPU
		{A36F3AA2-69E9-487B-AB73-DB9367CE1AD9}.Debug|Any CPU.Build.0 = Debug|Any CPU
		{A36F3AA2-69E9-487B-AB73-DB9367CE1AD9}.Debug|x64.ActiveCfg = Debug|Any CPU
		{A36F3AA2-69E9-487B-AB73-DB9367CE1AD9}.Debug|x64.Build.0 = Debug|Any CPU
		{A36F3AA2-69E9-487B-AB73-DB9367CE1AD9}.Debug|x86.ActiveCfg = Debug|Any CPU
		{A36F3AA2-69E9-487B-AB73-DB9367CE1AD9}.Debug|x86.Build.0 = Debug|Any CPU
		{A36F3AA2-69E9-487B-AB73-DB9367CE1AD9}.Release|Any CPU.ActiveCfg = Release|Any CPU
		{A36F3AA2-69E9-487B-AB73-DB9367CE1AD9}.Release|Any CPU.Build.0 = Release|Any CPU
		{A36F3AA2-69E9-487B-AB73-DB9367CE1AD9}.Release|x64.ActiveCfg = Release|Any CPU
		{A36F3AA2-69E9-487B-AB73-DB9367CE1AD9}.Release|x64.Build.0 = Release|Any CPU
		{A36F3AA2-69E9-487B-AB73-DB9367CE1AD9}.Release|x86.ActiveCfg = Release|Any CPU
		{A36F3AA2-69E9-487B-AB73-DB9367CE1AD9}.Release|x86.Build.0 = Release|Any CPU
		{6E8617C4-720C-473F-92CF-57530D5238AB}.Debug|Any CPU.ActiveCfg = Debug|Any CPU
		{6E8617C4-720C-473F-92CF-57530D5238AB}.Debug|Any CPU.Build.0 = Debug|Any CPU
		{6E8617C4-720C-473F-92CF-57530D5238AB}.Debug|x64.ActiveCfg = Debug|Any CPU
		{6E8617C4-720C-473F-92CF-57530D5238AB}.Debug|x64.Build.0 = Debug|Any CPU
		{6E8617C4-720C-473F-92CF-57530D5238AB}.Debug|x86.ActiveCfg = Debug|Any CPU
		{6E8617C4-720C-473F-92CF-57530D5238AB}.Debug|x86.Build.0 = Debug|Any CPU
		{6E8617C4-720C-473F-92CF-57530D5238AB}.Release|Any CPU.ActiveCfg = Release|Any CPU
		{6E8617C4-720C-473F-92CF-57530D5238AB}.Release|Any CPU.Build.0 = Release|Any CPU
		{6E8617C4-720C-473F-92CF-57530D5238AB}.Release|x64.ActiveCfg = Release|Any CPU
		{6E8617C4-720C-473F-92CF-57530D5238AB}.Release|x64.Build.0 = Release|Any CPU
		{6E8617C4-720C-473F-92CF-57530D5238AB}.Release|x86.ActiveCfg = Release|Any CPU
		{6E8617C4-720C-473F-92CF-57530D5238AB}.Release|x86.Build.0 = Release|Any CPU
		{EA9755F3-A4CE-41F5-87F1-87B7097F12B7}.Debug|Any CPU.ActiveCfg = Debug|Any CPU
		{EA9755F3-A4CE-41F5-87F1-87B7097F12B7}.Debug|Any CPU.Build.0 = Debug|Any CPU
		{EA9755F3-A4CE-41F5-87F1-87B7097F12B7}.Debug|x64.ActiveCfg = Debug|Any CPU
		{EA9755F3-A4CE-41F5-87F1-87B7097F12B7}.Debug|x64.Build.0 = Debug|Any CPU
		{EA9755F3-A4CE-41F5-87F1-87B7097F12B7}.Debug|x86.ActiveCfg = Debug|Any CPU
		{EA9755F3-A4CE-41F5-87F1-87B7097F12B7}.Debug|x86.Build.0 = Debug|Any CPU
		{EA9755F3-A4CE-41F5-87F1-87B7097F12B7}.Release|Any CPU.ActiveCfg = Release|Any CPU
		{EA9755F3-A4CE-41F5-87F1-87B7097F12B7}.Release|Any CPU.Build.0 = Release|Any CPU
		{EA9755F3-A4CE-41F5-87F1-87B7097F12B7}.Release|x64.ActiveCfg = Release|Any CPU
		{EA9755F3-A4CE-41F5-87F1-87B7097F12B7}.Release|x64.Build.0 = Release|Any CPU
		{EA9755F3-A4CE-41F5-87F1-87B7097F12B7}.Release|x86.ActiveCfg = Release|Any CPU
		{EA9755F3-A4CE-41F5-87F1-87B7097F12B7}.Release|x86.Build.0 = Release|Any CPU
	EndGlobalSection
	GlobalSection(SolutionProperties) = preSolution
		HideSolutionNode = FALSE
	EndGlobalSection
	GlobalSection(NestedProjects) = preSolution
		{ED4714E4-DC57-426C-BBB8-ED38A0F114EE} = {827E0CD3-B72D-47B6-A68D-7590B98EB39B}
		{A1B55B88-AB1C-4A88-9B01-16B2A3E08552} = {827E0CD3-B72D-47B6-A68D-7590B98EB39B}
		{81CFBB3A-EA69-4027-8E13-41534EC13F1B} = {827E0CD3-B72D-47B6-A68D-7590B98EB39B}
		{6EA55449-2164-4BFF-A43A-A306E3FF31A7} = {827E0CD3-B72D-47B6-A68D-7590B98EB39B}
		{85C56D9B-0B95-470D-9F14-37178D29BE46} = {827E0CD3-B72D-47B6-A68D-7590B98EB39B}
		{950B680C-9668-45AA-89C3-21F4FCBE66BA} = {0AB3BF05-4346-4AA6-1389-037BE0695223}
		{094C7273-F3F0-449E-A920-8047D286BDA9} = {0AB3BF05-4346-4AA6-1389-037BE0695223}
		{A36F3AA2-69E9-487B-AB73-DB9367CE1AD9} = {0AB3BF05-4346-4AA6-1389-037BE0695223}
		{6E8617C4-720C-473F-92CF-57530D5238AB} = {827E0CD3-B72D-47B6-A68D-7590B98EB39B}
		{EA9755F3-A4CE-41F5-87F1-87B7097F12B7} = {827E0CD3-B72D-47B6-A68D-7590B98EB39B}
	EndGlobalSection
EndGlobal
