
Microsoft Visual Studio Solution File, Format Version 12.00
# Visual Studio Version 17
VisualStudioVersion = 17.5.2.0
MinimumVisualStudioVersion = 10.0.40219.1
Project("{2150E333-8FDC-42A3-9474-1A3956D46DE8}") = "src", "src", "{827E0CD3-B72D-47B6-A68D-7590B98EB39B}"
EndProject
Project("{FAE04EC0-301F-11D3-BF4B-00C04F79EFBC}") = "Bookshelf.Domain", "src\Bookshelf.Domain\Bookshelf.Domain.csproj", "{1E0010E2-9A79-42B6-BEFC-DC674895686B}"
EndProject
Project("{FAE04EC0-301F-11D3-BF4B-00C04F79EFBC}") = "Bookshelf.Application", "src\Bookshelf.Application\Bookshelf.Application.csproj", "{68A612EA-6957-4A98-9F93-9F3D6D1BD133}"
EndProject
Project("{FAE04EC0-301F-11D3-BF4B-00C04F79EFBC}") = "Bookshelf.Infrastructure", "src\Bookshelf.Infrastructure\Bookshelf.Infrastructure.csproj", "{B071B8DC-13C1-4945-AE65-4B2C48B163A0}"
EndProject
Project("{FAE04EC0-301F-11D3-BF4B-00C04F79EFBC}") = "Bookshelf.Shared", "src\Bookshelf.Shared\Bookshelf.Shared.csproj", "{278CD768-7C26-4D85-B3F0-0EA0366FF8F3}"
EndProject
Project("{FAE04EC0-301F-11D3-BF4B-00C04F79EFBC}") = "Bookshelf.Api", "src\Bookshelf.Api\Bookshelf.Api.csproj", "{1AA027EF-053F-4126-A4C2-BFBA406FA780}"
EndProject
Project("{FAE04EC0-301F-11D3-BF4B-00C04F79EFBC}") = "Bookshelf.Web", "src\Bookshelf.Web\Bookshelf.Web.csproj", "{1140497C-05EE-4124-B753-C9C1DED322D6}"
EndProject
Project("{FAE04EC0-301F-11D3-BF4B-00C04F79EFBC}") = "Bookshelf.App", "src\Bookshelf.App\Bookshelf.App.csproj", "{D71FBF68-826E-4067-8258-1685E068EEF2}"
EndProject
Project("{2150E333-8FDC-42A3-9474-1A3956D46DE8}") = "tests", "tests", "{0AB3BF05-4346-4AA6-1389-037BE0695223}"
EndProject
Project("{FAE04EC0-301F-11D3-BF4B-00C04F79EFBC}") = "Bookshelf.Domain.Tests", "tests\Bookshelf.Domain.Tests\Bookshelf.Domain.Tests.csproj", "{7F1C0DD8-6628-4136-816E-DB197C7A834D}"
EndProject
Project("{FAE04EC0-301F-11D3-BF4B-00C04F79EFBC}") = "Bookshelf.Application.Tests", "tests\Bookshelf.Application.Tests\Bookshelf.Application.Tests.csproj", "{638E3216-6203-4A88-9BC3-7294C8B767FD}"
EndProject
Project("{FAE04EC0-301F-11D3-BF4B-00C04F79EFBC}") = "Bookshelf.Infrastructure.Tests", "tests\Bookshelf.Infrastructure.Tests\Bookshelf.Infrastructure.Tests.csproj", "{D88DF4BE-470F-474B-9D1E-09A3223E8B8F}"
EndProject
Project("{FAE04EC0-301F-11D3-BF4B-00C04F79EFBC}") = "Bookshelf.Api.Tests", "tests\Bookshelf.Api.Tests\Bookshelf.Api.Tests.csproj", "{338A1099-EBE1-46E9-9C44-55643AF24D6C}"
EndProject
Global
	GlobalSection(SolutionConfigurationPlatforms) = preSolution
		Debug|Any CPU = Debug|Any CPU
		Debug|x64 = Debug|x64
		Debug|x86 = Debug|x86
		Release|Any CPU = Release|Any CPU
		Release|x64 = Release|x64
		Release|x86 = Release|x86
	EndGlobalSection
	GlobalSection(ProjectConfigurationPlatforms) = postSolution
		{1E0010E2-9A79-42B6-BEFC-DC674895686B}.Debug|Any CPU.ActiveCfg = Debug|Any CPU
		{1E0010E2-9A79-42B6-BEFC-DC674895686B}.Debug|Any CPU.Build.0 = Debug|Any CPU
		{1E0010E2-9A79-42B6-BEFC-DC674895686B}.Debug|x64.ActiveCfg = Debug|Any CPU
		{1E0010E2-9A79-42B6-BEFC-DC674895686B}.Debug|x64.Build.0 = Debug|Any CPU
		{1E0010E2-9A79-42B6-BEFC-DC674895686B}.Debug|x86.ActiveCfg = Debug|Any CPU
		{1E0010E2-9A79-42B6-BEFC-DC674895686B}.Debug|x86.Build.0 = Debug|Any CPU
		{1E0010E2-9A79-42B6-BEFC-DC674895686B}.Release|Any CPU.ActiveCfg = Release|Any CPU
		{1E0010E2-9A79-42B6-BEFC-DC674895686B}.Release|Any CPU.Build.0 = Release|Any CPU
		{1E0010E2-9A79-42B6-BEFC-DC674895686B}.Release|x64.ActiveCfg = Release|Any CPU
		{1E0010E2-9A79-42B6-BEFC-DC674895686B}.Release|x64.Build.0 = Release|Any CPU
		{1E0010E2-9A79-42B6-BEFC-DC674895686B}.Release|x86.ActiveCfg = Release|Any CPU
		{1E0010E2-9A79-42B6-BEFC-DC674895686B}.Release|x86.Build.0 = Release|Any CPU
		{68A612EA-6957-4A98-9F93-9F3D6D1BD133}.Debug|Any CPU.ActiveCfg = Debug|Any CPU
		{68A612EA-6957-4A98-9F93-9F3D6D1BD133}.Debug|Any CPU.Build.0 = Debug|Any CPU
		{68A612EA-6957-4A98-9F93-9F3D6D1BD133}.Debug|x64.ActiveCfg = Debug|Any CPU
		{68A612EA-6957-4A98-9F93-9F3D6D1BD133}.Debug|x64.Build.0 = Debug|Any CPU
		{68A612EA-6957-4A98-9F93-9F3D6D1BD133}.Debug|x86.ActiveCfg = Debug|Any CPU
		{68A612EA-6957-4A98-9F93-9F3D6D1BD133}.Debug|x86.Build.0 = Debug|Any CPU
		{68A612EA-6957-4A98-9F93-9F3D6D1BD133}.Release|Any CPU.ActiveCfg = Release|Any CPU
		{68A612EA-6957-4A98-9F93-9F3D6D1BD133}.Release|Any CPU.Build.0 = Release|Any CPU
		{68A612EA-6957-4A98-9F93-9F3D6D1BD133}.Release|x64.ActiveCfg = Release|Any CPU
		{68A612EA-6957-4A98-9F93-9F3D6D1BD133}.Release|x64.Build.0 = Release|Any CPU
		{68A612EA-6957-4A98-9F93-9F3D6D1BD133}.Release|x86.ActiveCfg = Release|Any CPU
		{68A612EA-6957-4A98-9F93-9F3D6D1BD133}.Release|x86.Build.0 = Release|Any CPU
		{B071B8DC-13C1-4945-AE65-4B2C48B163A0}.Debug|Any CPU.ActiveCfg = Debug|Any CPU
		{B071B8DC-13C1-4945-AE65-4B2C48B163A0}.Debug|Any CPU.Build.0 = Debug|Any CPU
		{B071B8DC-13C1-4945-AE65-4B2C48B163A0}.Debug|x64.ActiveCfg = Debug|Any CPU
		{B071B8DC-13C1-4945-AE65-4B2C48B163A0}.Debug|x64.Build.0 = Debug|Any CPU
		{B071B8DC-13C1-4945-AE65-4B2C48B163A0}.Debug|x86.ActiveCfg = Debug|Any CPU
		{B071B8DC-13C1-4945-AE65-4B2C48B163A0}.Debug|x86.Build.0 = Debug|Any CPU
		{B071B8DC-13C1-4945-AE65-4B2C48B163A0}.Release|Any CPU.ActiveCfg = Release|Any CPU
		{B071B8DC-13C1-4945-AE65-4B2C48B163A0}.Release|Any CPU.Build.0 = Release|Any CPU
		{B071B8DC-13C1-4945-AE65-4B2C48B163A0}.Release|x64.ActiveCfg = Release|Any CPU
		{B071B8DC-13C1-4945-AE65-4B2C48B163A0}.Release|x64.Build.0 = Release|Any CPU
		{B071B8DC-13C1-4945-AE65-4B2C48B163A0}.Release|x86.ActiveCfg = Release|Any CPU
		{B071B8DC-13C1-4945-AE65-4B2C48B163A0}.Release|x86.Build.0 = Release|Any CPU
		{278CD768-7C26-4D85-B3F0-0EA0366FF8F3}.Debug|Any CPU.ActiveCfg = Debug|Any CPU
		{278CD768-7C26-4D85-B3F0-0EA0366FF8F3}.Debug|Any CPU.Build.0 = Debug|Any CPU
		{278CD768-7C26-4D85-B3F0-0EA0366FF8F3}.Debug|x64.ActiveCfg = Debug|Any CPU
		{278CD768-7C26-4D85-B3F0-0EA0366FF8F3}.Debug|x64.Build.0 = Debug|Any CPU
		{278CD768-7C26-4D85-B3F0-0EA0366FF8F3}.Debug|x86.ActiveCfg = Debug|Any CPU
		{278CD768-7C26-4D85-B3F0-0EA0366FF8F3}.Debug|x86.Build.0 = Debug|Any CPU
		{278CD768-7C26-4D85-B3F0-0EA0366FF8F3}.Release|Any CPU.ActiveCfg = Release|Any CPU
		{278CD768-7C26-4D85-B3F0-0EA0366FF8F3}.Release|Any CPU.Build.0 = Release|Any CPU
		{278CD768-7C26-4D85-B3F0-0EA0366FF8F3}.Release|x64.ActiveCfg = Release|Any CPU
		{278CD768-7C26-4D85-B3F0-0EA0366FF8F3}.Release|x64.Build.0 = Release|Any CPU
		{278CD768-7C26-4D85-B3F0-0EA0366FF8F3}.Release|x86.ActiveCfg = Release|Any CPU
		{278CD768-7C26-4D85-B3F0-0EA0366FF8F3}.Release|x86.Build.0 = Release|Any CPU
		{1AA027EF-053F-4126-A4C2-BFBA406FA780}.Debug|Any CPU.ActiveCfg = Debug|Any CPU
		{1AA027EF-053F-4126-A4C2-BFBA406FA780}.Debug|Any CPU.Build.0 = Debug|Any CPU
		{1AA027EF-053F-4126-A4C2-BFBA406FA780}.Debug|x64.ActiveCfg = Debug|Any CPU
		{1AA027EF-053F-4126-A4C2-BFBA406FA780}.Debug|x64.Build.0 = Debug|Any CPU
		{1AA027EF-053F-4126-A4C2-BFBA406FA780}.Debug|x86.ActiveCfg = Debug|Any CPU
		{1AA027EF-053F-4126-A4C2-BFBA406FA780}.Debug|x86.Build.0 = Debug|Any CPU
		{1AA027EF-053F-4126-A4C2-BFBA406FA780}.Release|Any CPU.ActiveCfg = Release|Any CPU
		{1AA027EF-053F-4126-A4C2-BFBA406FA780}.Release|Any CPU.Build.0 = Release|Any CPU
		{1AA027EF-053F-4126-A4C2-BFBA406FA780}.Release|x64.ActiveCfg = Release|Any CPU
		{1AA027EF-053F-4126-A4C2-BFBA406FA780}.Release|x64.Build.0 = Release|Any CPU
		{1AA027EF-053F-4126-A4C2-BFBA406FA780}.Release|x86.ActiveCfg = Release|Any CPU
		{1AA027EF-053F-4126-A4C2-BFBA406FA780}.Release|x86.Build.0 = Release|Any CPU
		{1140497C-05EE-4124-B753-C9C1DED322D6}.Debug|Any CPU.ActiveCfg = Debug|Any CPU
		{1140497C-05EE-4124-B753-C9C1DED322D6}.Debug|Any CPU.Build.0 = Debug|Any CPU
		{1140497C-05EE-4124-B753-C9C1DED322D6}.Debug|x64.ActiveCfg = Debug|Any CPU
		{1140497C-05EE-4124-B753-C9C1DED322D6}.Debug|x64.Build.0 = Debug|Any CPU
		{1140497C-05EE-4124-B753-C9C1DED322D6}.Debug|x86.ActiveCfg = Debug|Any CPU
		{1140497C-05EE-4124-B753-C9C1DED322D6}.Debug|x86.Build.0 = Debug|Any CPU
		{1140497C-05EE-4124-B753-C9C1DED322D6}.Release|Any CPU.ActiveCfg = Release|Any CPU
		{1140497C-05EE-4124-B753-C9C1DED322D6}.Release|Any CPU.Build.0 = Release|Any CPU
		{1140497C-05EE-4124-B753-C9C1DED322D6}.Release|x64.ActiveCfg = Release|Any CPU
		{1140497C-05EE-4124-B753-C9C1DED322D6}.Release|x64.Build.0 = Release|Any CPU
		{1140497C-05EE-4124-B753-C9C1DED322D6}.Release|x86.ActiveCfg = Release|Any CPU
		{1140497C-05EE-4124-B753-C9C1DED322D6}.Release|x86.Build.0 = Release|Any CPU
		{D71FBF68-826E-4067-8258-1685E068EEF2}.Debug|Any CPU.ActiveCfg = Debug|Any CPU
		{D71FBF68-826E-4067-8258-1685E068EEF2}.Debug|Any CPU.Build.0 = Debug|Any CPU
		{D71FBF68-826E-4067-8258-1685E068EEF2}.Debug|x64.ActiveCfg = Debug|Any CPU
		{D71FBF68-826E-4067-8258-1685E068EEF2}.Debug|x64.Build.0 = Debug|Any CPU
		{D71FBF68-826E-4067-8258-1685E068EEF2}.Debug|x86.ActiveCfg = Debug|Any CPU
		{D71FBF68-826E-4067-8258-1685E068EEF2}.Debug|x86.Build.0 = Debug|Any CPU
		{D71FBF68-826E-4067-8258-1685E068EEF2}.Release|Any CPU.ActiveCfg = Release|Any CPU
		{D71FBF68-826E-4067-8258-1685E068EEF2}.Release|Any CPU.Build.0 = Release|Any CPU
		{D71FBF68-826E-4067-8258-1685E068EEF2}.Release|x64.ActiveCfg = Release|Any CPU
		{D71FBF68-826E-4067-8258-1685E068EEF2}.Release|x64.Build.0 = Release|Any CPU
		{D71FBF68-826E-4067-8258-1685E068EEF2}.Release|x86.ActiveCfg = Release|Any CPU
		{D71FBF68-826E-4067-8258-1685E068EEF2}.Release|x86.Build.0 = Release|Any CPU
		{7F1C0DD8-6628-4136-816E-DB197C7A834D}.Debug|Any CPU.ActiveCfg = Debug|Any CPU
		{7F1C0DD8-6628-4136-816E-DB197C7A834D}.Debug|Any CPU.Build.0 = Debug|Any CPU
		{7F1C0DD8-6628-4136-816E-DB197C7A834D}.Debug|x64.ActiveCfg = Debug|Any CPU
		{7F1C0DD8-6628-4136-816E-DB197C7A834D}.Debug|x64.Build.0 = Debug|Any CPU
		{7F1C0DD8-6628-4136-816E-DB197C7A834D}.Debug|x86.ActiveCfg = Debug|Any CPU
		{7F1C0DD8-6628-4136-816E-DB197C7A834D}.Debug|x86.Build.0 = Debug|Any CPU
		{7F1C0DD8-6628-4136-816E-DB197C7A834D}.Release|Any CPU.ActiveCfg = Release|Any CPU
		{7F1C0DD8-6628-4136-816E-DB197C7A834D}.Release|Any CPU.Build.0 = Release|Any CPU
		{7F1C0DD8-6628-4136-816E-DB197C7A834D}.Release|x64.ActiveCfg = Release|Any CPU
		{7F1C0DD8-6628-4136-816E-DB197C7A834D}.Release|x64.Build.0 = Release|Any CPU
		{7F1C0DD8-6628-4136-816E-DB197C7A834D}.Release|x86.ActiveCfg = Release|Any CPU
		{7F1C0DD8-6628-4136-816E-DB197C7A834D}.Release|x86.Build.0 = Release|Any CPU
		{638E3216-6203-4A88-9BC3-7294C8B767FD}.Debug|Any CPU.ActiveCfg = Debug|Any CPU
		{638E3216-6203-4A88-9BC3-7294C8B767FD}.Debug|Any CPU.Build.0 = Debug|Any CPU
		{638E3216-6203-4A88-9BC3-7294C8B767FD}.Debug|x64.ActiveCfg = Debug|Any CPU
		{638E3216-6203-4A88-9BC3-7294C8B767FD}.Debug|x64.Build.0 = Debug|Any CPU
		{638E3216-6203-4A88-9BC3-7294C8B767FD}.Debug|x86.ActiveCfg = Debug|Any CPU
		{638E3216-6203-4A88-9BC3-7294C8B767FD}.Debug|x86.Build.0 = Debug|Any CPU
		{638E3216-6203-4A88-9BC3-7294C8B767FD}.Release|Any CPU.ActiveCfg = Release|Any CPU
		{638E3216-6203-4A88-9BC3-7294C8B767FD}.Release|Any CPU.Build.0 = Release|Any CPU
		{638E3216-6203-4A88-9BC3-7294C8B767FD}.Release|x64.ActiveCfg = Release|Any CPU
		{638E3216-6203-4A88-9BC3-7294C8B767FD}.Release|x64.Build.0 = Release|Any CPU
		{638E3216-6203-4A88-9BC3-7294C8B767FD}.Release|x86.ActiveCfg = Release|Any CPU
		{638E3216-6203-4A88-9BC3-7294C8B767FD}.Release|x86.Build.0 = Release|Any CPU
		{D88DF4BE-470F-474B-9D1E-09A3223E8B8F}.Debug|Any CPU.ActiveCfg = Debug|Any CPU
		{D88DF4BE-470F-474B-9D1E-09A3223E8B8F}.Debug|Any CPU.Build.0 = Debug|Any CPU
		{D88DF4BE-470F-474B-9D1E-09A3223E8B8F}.Debug|x64.ActiveCfg = Debug|Any CPU
		{D88DF4BE-470F-474B-9D1E-09A3223E8B8F}.Debug|x64.Build.0 = Debug|Any CPU
		{D88DF4BE-470F-474B-9D1E-09A3223E8B8F}.Debug|x86.ActiveCfg = Debug|Any CPU
		{D88DF4BE-470F-474B-9D1E-09A3223E8B8F}.Debug|x86.Build.0 = Debug|Any CPU
		{D88DF4BE-470F-474B-9D1E-09A3223E8B8F}.Release|Any CPU.ActiveCfg = Release|Any CPU
		{D88DF4BE-470F-474B-9D1E-09A3223E8B8F}.Release|Any CPU.Build.0 = Release|Any CPU
		{D88DF4BE-470F-474B-9D1E-09A3223E8B8F}.Release|x64.ActiveCfg = Release|Any CPU
		{D88DF4BE-470F-474B-9D1E-09A3223E8B8F}.Release|x64.Build.0 = Release|Any CPU
		{D88DF4BE-470F-474B-9D1E-09A3223E8B8F}.Release|x86.ActiveCfg = Release|Any CPU
		{D88DF4BE-470F-474B-9D1E-09A3223E8B8F}.Release|x86.Build.0 = Release|Any CPU
		{338A1099-EBE1-46E9-9C44-55643AF24D6C}.Debug|Any CPU.ActiveCfg = Debug|Any CPU
		{338A1099-EBE1-46E9-9C44-55643AF24D6C}.Debug|Any CPU.Build.0 = Debug|Any CPU
		{338A1099-EBE1-46E9-9C44-55643AF24D6C}.Debug|x64.ActiveCfg = Debug|Any CPU
		{338A1099-EBE1-46E9-9C44-55643AF24D6C}.Debug|x64.Build.0 = Debug|Any CPU
		{338A1099-EBE1-46E9-9C44-55643AF24D6C}.Debug|x86.ActiveCfg = Debug|Any CPU
		{338A1099-EBE1-46E9-9C44-55643AF24D6C}.Debug|x86.Build.0 = Debug|Any CPU
		{338A1099-EBE1-46E9-9C44-55643AF24D6C}.Release|Any CPU.ActiveCfg = Release|Any CPU
		{338A1099-EBE1-46E9-9C44-55643AF24D6C}.Release|Any CPU.Build.0 = Release|Any CPU
		{338A1099-EBE1-46E9-9C44-55643AF24D6C}.Release|x64.ActiveCfg = Release|Any CPU
		{338A1099-EBE1-46E9-9C44-55643AF24D6C}.Release|x64.Build.0 = Release|Any CPU
		{338A1099-EBE1-46E9-9C44-55643AF24D6C}.Release|x86.ActiveCfg = Release|Any CPU
		{338A1099-EBE1-46E9-9C44-55643AF24D6C}.Release|x86.Build.0 = Release|Any CPU
	EndGlobalSection
	GlobalSection(SolutionProperties) = preSolution
		HideSolutionNode = FALSE
	EndGlobalSection
	GlobalSection(NestedProjects) = preSolution
		{1E0010E2-9A79-42B6-BEFC-DC674895686B} = {827E0CD3-B72D-47B6-A68D-7590B98EB39B}
		{68A612EA-6957-4A98-9F93-9F3D6D1BD133} = {827E0CD3-B72D-47B6-A68D-7590B98EB39B}
		{B071B8DC-13C1-4945-AE65-4B2C48B163A0} = {827E0CD3-B72D-47B6-A68D-7590B98EB39B}
		{278CD768-7C26-4D85-B3F0-0EA0366FF8F3} = {827E0CD3-B72D-47B6-A68D-7590B98EB39B}
		{1AA027EF-053F-4126-A4C2-BFBA406FA780} = {827E0CD3-B72D-47B6-A68D-7590B98EB39B}
		{1140497C-05EE-4124-B753-C9C1DED322D6} = {827E0CD3-B72D-47B6-A68D-7590B98EB39B}
		{D71FBF68-826E-4067-8258-1685E068EEF2} = {827E0CD3-B72D-47B6-A68D-7590B98EB39B}
		{7F1C0DD8-6628-4136-816E-DB197C7A834D} = {0AB3BF05-4346-4AA6-1389-037BE0695223}
		{638E3216-6203-4A88-9BC3-7294C8B767FD} = {0AB3BF05-4346-4AA6-1389-037BE0695223}
		{D88DF4BE-470F-474B-9D1E-09A3223E8B8F} = {0AB3BF05-4346-4AA6-1389-037BE0695223}
		{338A1099-EBE1-46E9-9C44-55643AF24D6C} = {0AB3BF05-4346-4AA6-1389-037BE0695223}
	EndGlobalSection
	GlobalSection(ExtensibilityGlobals) = postSolution
		SolutionGuid = {20E6FD03-9002-4EBA-ABF2-9DDE2C488842}
	EndGlobalSection
EndGlobal
